
Microsoft Visual Studio Solution File, Format Version 12.00
# Visual Studio Version 16
VisualStudioVersion = 16.0.29519.181
MinimumVisualStudioVersion = 10.0.40219.1
Project("{9A19103F-16F7-4668-BE54-9A1E7A4F7556}") = "AzureStorageLibrary", "AzureStorageLibrary\AzureStorageLibrary.csproj", "{CE230607-4F68-412D-8970-9E45A2829F54}"
EndProject
Project("{FAE04EC0-301F-11D3-BF4B-00C04F79EFBC}") = "AzureWebApp", "AzureWebApp\AzureWebApp.csproj", "{F2757C6D-0AD8-4B88-B5CE-6E64A3569FEF}"
EndProject
Global
	GlobalSection(SolutionConfigurationPlatforms) = preSolution
		Debug|Any CPU = Debug|Any CPU
		Release|Any CPU = Release|Any CPU
	EndGlobalSection
	GlobalSection(ProjectConfigurationPlatforms) = postSolution
		{CE230607-4F68-412D-8970-9E45A2829F54}.Debug|Any CPU.ActiveCfg = Debug|Any CPU
		{CE230607-4F68-412D-8970-9E45A2829F54}.Debug|Any CPU.Build.0 = Debug|Any CPU
		{CE230607-4F68-412D-8970-9E45A2829F54}.Release|Any CPU.ActiveCfg = Release|Any CPU
		{CE230607-4F68-412D-8970-9E45A2829F54}.Release|Any CPU.Build.0 = Release|Any CPU
		{F2757C6D-0AD8-4B88-B5CE-6E64A3569FEF}.Debug|Any CPU.ActiveCfg = Debug|Any CPU
		{F2757C6D-0AD8-4B88-B5CE-6E64A3569FEF}.Debug|Any CPU.Build.0 = Debug|Any CPU
		{F2757C6D-0AD8-4B88-B5CE-6E64A3569FEF}.Release|Any CPU.ActiveCfg = Release|Any CPU
		{F2757C6D-0AD8-4B88-B5CE-6E64A3569FEF}.Release|Any CPU.Build.0 = Release|Any CPU
	EndGlobalSection
	GlobalSection(SolutionProperties) = preSolution
		HideSolutionNode = FALSE
	EndGlobalSection
	GlobalSection(ExtensibilityGlobals) = postSolution
		SolutionGuid = {062386A6-1CC6-43BC-9E69-00090162DC1D}
	EndGlobalSection
EndGlobal
